
Microsoft Visual Studio Solution File, Format Version 12.00
# Visual Studio Version 16
VisualStudioVersion = 16.0.810.16
MinimumVisualStudioVersion = 10.0.40219.1
Project("{FAE04EC0-301F-11D3-BF4B-00C04F79EFBC}") = "Lab3", "Lab3\Lab3.csproj", "{1385E05E-74E3-485A-A374-8CAD0B901797}"
EndProject
Global
	GlobalSection(SolutionConfigurationPlatforms) = preSolution
		Debug|Any CPU = Debug|Any CPU
		Release|Any CPU = Release|Any CPU
	EndGlobalSection
	GlobalSection(ProjectConfigurationPlatforms) = postSolution
		{1385E05E-74E3-485A-A374-8CAD0B901797}.Debug|Any CPU.ActiveCfg = Debug|Any CPU
		{1385E05E-74E3-485A-A374-8CAD0B901797}.Debug|Any CPU.Build.0 = Debug|Any CPU
		{1385E05E-74E3-485A-A374-8CAD0B901797}.Release|Any CPU.ActiveCfg = Release|Any CPU
		{1385E05E-74E3-485A-A374-8CAD0B901797}.Release|Any CPU.Build.0 = Release|Any CPU
	EndGlobalSection
	GlobalSection(SolutionProperties) = preSolution
		HideSolutionNode = FALSE
	EndGlobalSection
	GlobalSection(ExtensibilityGlobals) = postSolution
		SolutionGuid = {6BFEF521-98F2-414B-ACA7-C6CB50C5747A}
	EndGlobalSection
EndGlobal
